// !$*UTF8*$!
{
	archiveVersion = 1;
	classes = {
	};
	objectVersion = 50;
	objects = {

/* Begin PBXBuildFile section */
		C084139F268CFA4B00128EAE /* AppDelegate.swift in Sources */ = {isa = PBXBuildFile; fileRef = C084139E268CFA4B00128EAE /* AppDelegate.swift */; };
		C08413A1268CFA4B00128EAE /* SceneDelegate.swift in Sources */ = {isa = PBXBuildFile; fileRef = C08413A0268CFA4B00128EAE /* SceneDelegate.swift */; };
		C08413A3268CFA4B00128EAE /* ViewController.swift in Sources */ = {isa = PBXBuildFile; fileRef = C08413A2268CFA4B00128EAE /* ViewController.swift */; };
		C08413A6268CFA4B00128EAE /* Main.storyboard in Resources */ = {isa = PBXBuildFile; fileRef = C08413A4268CFA4B00128EAE /* Main.storyboard */; };
		C08413A8268CFA4D00128EAE /* Assets.xcassets in Resources */ = {isa = PBXBuildFile; fileRef = C08413A7268CFA4D00128EAE /* Assets.xcassets */; };
		C08413AB268CFA4D00128EAE /* LaunchScreen.storyboard in Resources */ = {isa = PBXBuildFile; fileRef = C08413A9268CFA4D00128EAE /* LaunchScreen.storyboard */; };
		C08413B4268CFCE600128EAE /* UIElements.swift in Sources */ = {isa = PBXBuildFile; fileRef = C08413B3268CFCE600128EAE /* UIElements.swift */; };
		C09903B6268E233C003C740C /* ArtistInfoTests.swift in Sources */ = {isa = PBXBuildFile; fileRef = C09903B5268E233C003C740C /* ArtistInfoTests.swift */; };
		C0BC69A0268D4E9100983AAF /* ArtistManager.swift in Sources */ = {isa = PBXBuildFile; fileRef = C0BC699F268D4E9100983AAF /* ArtistManager.swift */; };
		C0BC69A3268D51AF00983AAF /* ArtistData.swift in Sources */ = {isa = PBXBuildFile; fileRef = C0BC69A2268D51AF00983AAF /* ArtistData.swift */; };
		C0BC69A5268D520E00983AAF /* ArtistModel.swift in Sources */ = {isa = PBXBuildFile; fileRef = C0BC69A4268D520E00983AAF /* ArtistModel.swift */; };
/* End PBXBuildFile section */

/* Begin PBXContainerItemProxy section */
		C09903B8268E233C003C740C /* PBXContainerItemProxy */ = {
			isa = PBXContainerItemProxy;
			containerPortal = C0841393268CFA4B00128EAE /* Project object */;
			proxyType = 1;
			remoteGlobalIDString = C084139A268CFA4B00128EAE;
			remoteInfo = ArtistInfo;
		};
/* End PBXContainerItemProxy section */

/* Begin PBXFileReference section */
		C084139B268CFA4B00128EAE /* ArtistInfo.app */ = {isa = PBXFileReference; explicitFileType = wrapper.application; includeInIndex = 0; path = ArtistInfo.app; sourceTree = BUILT_PRODUCTS_DIR; };
		C084139E268CFA4B00128EAE /* AppDelegate.swift */ = {isa = PBXFileReference; lastKnownFileType = sourcecode.swift; path = AppDelegate.swift; sourceTree = "<group>"; };
		C08413A0268CFA4B00128EAE /* SceneDelegate.swift */ = {isa = PBXFileReference; lastKnownFileType = sourcecode.swift; path = SceneDelegate.swift; sourceTree = "<group>"; };
		C08413A2268CFA4B00128EAE /* ViewController.swift */ = {isa = PBXFileReference; lastKnownFileType = sourcecode.swift; path = ViewController.swift; sourceTree = "<group>"; };
		C08413A5268CFA4B00128EAE /* Base */ = {isa = PBXFileReference; lastKnownFileType = file.storyboard; name = Base; path = Base.lproj/Main.storyboard; sourceTree = "<group>"; };
		C08413A7268CFA4D00128EAE /* Assets.xcassets */ = {isa = PBXFileReference; lastKnownFileType = folder.assetcatalog; path = Assets.xcassets; sourceTree = "<group>"; };
		C08413AA268CFA4D00128EAE /* Base */ = {isa = PBXFileReference; lastKnownFileType = file.storyboard; name = Base; path = Base.lproj/LaunchScreen.storyboard; sourceTree = "<group>"; };
		C08413AC268CFA4D00128EAE /* Info.plist */ = {isa = PBXFileReference; lastKnownFileType = text.plist.xml; path = Info.plist; sourceTree = "<group>"; };
		C08413B3268CFCE600128EAE /* UIElements.swift */ = {isa = PBXFileReference; lastKnownFileType = sourcecode.swift; path = UIElements.swift; sourceTree = "<group>"; };
		C09903B3268E233C003C740C /* ArtistInfoTests.xctest */ = {isa = PBXFileReference; explicitFileType = wrapper.cfbundle; includeInIndex = 0; path = ArtistInfoTests.xctest; sourceTree = BUILT_PRODUCTS_DIR; };
		C09903B5268E233C003C740C /* ArtistInfoTests.swift */ = {isa = PBXFileReference; lastKnownFileType = sourcecode.swift; path = ArtistInfoTests.swift; sourceTree = "<group>"; };
		C09903B7268E233C003C740C /* Info.plist */ = {isa = PBXFileReference; lastKnownFileType = text.plist.xml; path = Info.plist; sourceTree = "<group>"; };
		C0BC699F268D4E9100983AAF /* ArtistManager.swift */ = {isa = PBXFileReference; lastKnownFileType = sourcecode.swift; path = ArtistManager.swift; sourceTree = "<group>"; };
		C0BC69A2268D51AF00983AAF /* ArtistData.swift */ = {isa = PBXFileReference; lastKnownFileType = sourcecode.swift; path = ArtistData.swift; sourceTree = "<group>"; };
		C0BC69A4268D520E00983AAF /* ArtistModel.swift */ = {isa = PBXFileReference; lastKnownFileType = sourcecode.swift; path = ArtistModel.swift; sourceTree = "<group>"; };
/* End PBXFileReference section */

/* Begin PBXFrameworksBuildPhase section */
		C0841398268CFA4B00128EAE /* Frameworks */ = {
			isa = PBXFrameworksBuildPhase;
			buildActionMask = 2147483647;
			files = (
			);
			runOnlyForDeploymentPostprocessing = 0;
		};
		C09903B0268E233C003C740C /* Frameworks */ = {
			isa = PBXFrameworksBuildPhase;
			buildActionMask = 2147483647;
			files = (
			);
			runOnlyForDeploymentPostprocessing = 0;
		};
/* End PBXFrameworksBuildPhase section */

/* Begin PBXGroup section */
		C0841392268CFA4B00128EAE = {
			isa = PBXGroup;
			children = (
				C084139D268CFA4B00128EAE /* ArtistInfo */,
				C09903B4268E233C003C740C /* ArtistInfoTests */,
				C084139C268CFA4B00128EAE /* Products */,
			);
			sourceTree = "<group>";
		};
		C084139C268CFA4B00128EAE /* Products */ = {
			isa = PBXGroup;
			children = (
				C084139B268CFA4B00128EAE /* ArtistInfo.app */,
				C09903B3268E233C003C740C /* ArtistInfoTests.xctest */,
			);
			name = Products;
			sourceTree = "<group>";
		};
		C084139D268CFA4B00128EAE /* ArtistInfo */ = {
			isa = PBXGroup;
			children = (
				C084139E268CFA4B00128EAE /* AppDelegate.swift */,
				C08413A0268CFA4B00128EAE /* SceneDelegate.swift */,
				C09903AE268E2251003C740C /* Veiw */,
				C0BC69A1268D4F1000983AAF /* Model */,
				C08413B2268CFA5700128EAE /* Controller */,
				C08413A4268CFA4B00128EAE /* Main.storyboard */,
				C08413A7268CFA4D00128EAE /* Assets.xcassets */,
				C08413A9268CFA4D00128EAE /* LaunchScreen.storyboard */,
				C08413AC268CFA4D00128EAE /* Info.plist */,
			);
			path = ArtistInfo;
			sourceTree = "<group>";
		};
		C08413B2268CFA5700128EAE /* Controller */ = {
			isa = PBXGroup;
			children = (
				C08413A2268CFA4B00128EAE /* ViewController.swift */,
			);
			path = Controller;
			sourceTree = "<group>";
		};
		C09903AE268E2251003C740C /* Veiw */ = {
			isa = PBXGroup;
			children = (
				C08413B3268CFCE600128EAE /* UIElements.swift */,
			);
			path = Veiw;
			sourceTree = "<group>";
		};
		C09903B4268E233C003C740C /* ArtistInfoTests */ = {
			isa = PBXGroup;
			children = (
				C09903B5268E233C003C740C /* ArtistInfoTests.swift */,
				C09903B7268E233C003C740C /* Info.plist */,
			);
			path = ArtistInfoTests;
			sourceTree = "<group>";
		};
		C0BC69A1268D4F1000983AAF /* Model */ = {
			isa = PBXGroup;
			children = (
				C0BC699F268D4E9100983AAF /* ArtistManager.swift */,
				C0BC69A2268D51AF00983AAF /* ArtistData.swift */,
				C0BC69A4268D520E00983AAF /* ArtistModel.swift */,
			);
			path = Model;
			sourceTree = "<group>";
		};
/* End PBXGroup section */

/* Begin PBXNativeTarget section */
		C084139A268CFA4B00128EAE /* ArtistInfo */ = {
			isa = PBXNativeTarget;
			buildConfigurationList = C08413AF268CFA4D00128EAE /* Build configuration list for PBXNativeTarget "ArtistInfo" */;
			buildPhases = (
				C0841397268CFA4B00128EAE /* Sources */,
				C0841398268CFA4B00128EAE /* Frameworks */,
				C0841399268CFA4B00128EAE /* Resources */,
			);
			buildRules = (
			);
			dependencies = (
			);
			name = ArtistInfo;
			productName = ArtistInfo;
			productReference = C084139B268CFA4B00128EAE /* ArtistInfo.app */;
			productType = "com.apple.product-type.application";
		};
		C09903B2268E233C003C740C /* ArtistInfoTests */ = {
			isa = PBXNativeTarget;
			buildConfigurationList = C09903BA268E233C003C740C /* Build configuration list for PBXNativeTarget "ArtistInfoTests" */;
			buildPhases = (
				C09903AF268E233C003C740C /* Sources */,
				C09903B0268E233C003C740C /* Frameworks */,
				C09903B1268E233C003C740C /* Resources */,
			);
			buildRules = (
			);
			dependencies = (
				C09903B9268E233C003C740C /* PBXTargetDependency */,
			);
			name = ArtistInfoTests;
			productName = ArtistInfoTests;
			productReference = C09903B3268E233C003C740C /* ArtistInfoTests.xctest */;
			productType = "com.apple.product-type.bundle.unit-test";
		};
/* End PBXNativeTarget section */

/* Begin PBXProject section */
		C0841393268CFA4B00128EAE /* Project object */ = {
			isa = PBXProject;
			attributes = {
				LastSwiftUpdateCheck = 1250;
				LastUpgradeCheck = 1250;
				TargetAttributes = {
					C084139A268CFA4B00128EAE = {
						CreatedOnToolsVersion = 12.5;
					};
					C09903B2268E233C003C740C = {
						CreatedOnToolsVersion = 12.5;
						TestTargetID = C084139A268CFA4B00128EAE;
					};
				};
			};
			buildConfigurationList = C0841396268CFA4B00128EAE /* Build configuration list for PBXProject "ArtistInfo" */;
			compatibilityVersion = "Xcode 9.3";
			developmentRegion = en;
			hasScannedForEncodings = 0;
			knownRegions = (
				en,
				Base,
			);
			mainGroup = C0841392268CFA4B00128EAE;
			productRefGroup = C084139C268CFA4B00128EAE /* Products */;
			projectDirPath = "";
			projectRoot = "";
			targets = (
				C084139A268CFA4B00128EAE /* ArtistInfo */,
				C09903B2268E233C003C740C /* ArtistInfoTests */,
			);
		};
/* End PBXProject section */

/* Begin PBXResourcesBuildPhase section */
		C0841399268CFA4B00128EAE /* Resources */ = {
			isa = PBXResourcesBuildPhase;
			buildActionMask = 2147483647;
			files = (
				C08413AB268CFA4D00128EAE /* LaunchScreen.storyboard in Resources */,
				C08413A8268CFA4D00128EAE /* Assets.xcassets in Resources */,
				C08413A6268CFA4B00128EAE /* Main.storyboard in Resources */,
			);
			runOnlyForDeploymentPostprocessing = 0;
		};
		C09903B1268E233C003C740C /* Resources */ = {
			isa = PBXResourcesBuildPhase;
			buildActionMask = 2147483647;
			files = (
			);
			runOnlyForDeploymentPostprocessing = 0;
		};
/* End PBXResourcesBuildPhase section */

/* Begin PBXSourcesBuildPhase section */
		C0841397268CFA4B00128EAE /* Sources */ = {
			isa = PBXSourcesBuildPhase;
			buildActionMask = 2147483647;
			files = (
				C08413A3268CFA4B00128EAE /* ViewController.swift in Sources */,
				C0BC69A3268D51AF00983AAF /* ArtistData.swift in Sources */,
				C0BC69A5268D520E00983AAF /* ArtistModel.swift in Sources */,
				C084139F268CFA4B00128EAE /* AppDelegate.swift in Sources */,
				C0BC69A0268D4E9100983AAF /* ArtistManager.swift in Sources */,
				C08413B4268CFCE600128EAE /* UIElements.swift in Sources */,
				C08413A1268CFA4B00128EAE /* SceneDelegate.swift in Sources */,
			);
			runOnlyForDeploymentPostprocessing = 0;
		};
		C09903AF268E233C003C740C /* Sources */ = {
			isa = PBXSourcesBuildPhase;
			buildActionMask = 2147483647;
			files = (
				C09903B6268E233C003C740C /* ArtistInfoTests.swift in Sources */,
			);
			runOnlyForDeploymentPostprocessing = 0;
		};
/* End PBXSourcesBuildPhase section */

/* Begin PBXTargetDependency section */
		C09903B9268E233C003C740C /* PBXTargetDependency */ = {
			isa = PBXTargetDependency;
			target = C084139A268CFA4B00128EAE /* ArtistInfo */;
			targetProxy = C09903B8268E233C003C740C /* PBXContainerItemProxy */;
		};
/* End PBXTargetDependency section */

/* Begin PBXVariantGroup section */
		C08413A4268CFA4B00128EAE /* Main.storyboard */ = {
			isa = PBXVariantGroup;
			children = (
				C08413A5268CFA4B00128EAE /* Base */,
			);
			name = Main.storyboard;
			sourceTree = "<group>";
		};
		C08413A9268CFA4D00128EAE /* LaunchScreen.storyboard */ = {
			isa = PBXVariantGroup;
			children = (
				C08413AA268CFA4D00128EAE /* Base */,
			);
			name = LaunchScreen.storyboard;
			sourceTree = "<group>";
		};
/* End PBXVariantGroup section */

/* Begin XCBuildConfiguration section */
		C08413AD268CFA4D00128EAE /* Debug */ = {
			isa = XCBuildConfiguration;
			buildSettings = {
				ALWAYS_SEARCH_USER_PATHS = NO;
				CLANG_ANALYZER_NONNULL = YES;
				CLANG_ANALYZER_NUMBER_OBJECT_CONVERSION = YES_AGGRESSIVE;
				CLANG_CXX_LANGUAGE_STANDARD = "gnu++14";
				CLANG_CXX_LIBRARY = "libc++";
				CLANG_ENABLE_MODULES = YES;
				CLANG_ENABLE_OBJC_ARC = YES;
				CLANG_ENABLE_OBJC_WEAK = YES;
				CLANG_WARN_BLOCK_CAPTURE_AUTORELEASING = YES;
				CLANG_WARN_BOOL_CONVERSION = YES;
				CLANG_WARN_COMMA = YES;
				CLANG_WARN_CONSTANT_CONVERSION = YES;
				CLANG_WARN_DEPRECATED_OBJC_IMPLEMENTATIONS = YES;
				CLANG_WARN_DIRECT_OBJC_ISA_USAGE = YES_ERROR;
				CLANG_WARN_DOCUMENTATION_COMMENTS = YES;
				CLANG_WARN_EMPTY_BODY = YES;
				CLANG_WARN_ENUM_CONVERSION = YES;
				CLANG_WARN_INFINITE_RECURSION = YES;
				CLANG_WARN_INT_CONVERSION = YES;
				CLANG_WARN_NON_LITERAL_NULL_CONVERSION = YES;
				CLANG_WARN_OBJC_IMPLICIT_RETAIN_SELF = YES;
				CLANG_WARN_OBJC_LITERAL_CONVERSION = YES;
				CLANG_WARN_OBJC_ROOT_CLASS = YES_ERROR;
				CLANG_WARN_QUOTED_INCLUDE_IN_FRAMEWORK_HEADER = YES;
				CLANG_WARN_RANGE_LOOP_ANALYSIS = YES;
				CLANG_WARN_STRICT_PROTOTYPES = YES;
				CLANG_WARN_SUSPICIOUS_MOVE = YES;
				CLANG_WARN_UNGUARDED_AVAILABILITY = YES_AGGRESSIVE;
				CLANG_WARN_UNREACHABLE_CODE = YES;
				CLANG_WARN__DUPLICATE_METHOD_MATCH = YES;
				COPY_PHASE_STRIP = NO;
				DEBUG_INFORMATION_FORMAT = dwarf;
				ENABLE_STRICT_OBJC_MSGSEND = YES;
				ENABLE_TESTABILITY = YES;
				GCC_C_LANGUAGE_STANDARD = gnu11;
				GCC_DYNAMIC_NO_PIC = NO;
				GCC_NO_COMMON_BLOCKS = YES;
				GCC_OPTIMIZATION_LEVEL = 0;
				GCC_PREPROCESSOR_DEFINITIONS = (
					"DEBUG=1",
					"$(inherited)",
				);
				GCC_WARN_64_TO_32_BIT_CONVERSION = YES;
				GCC_WARN_ABOUT_RETURN_TYPE = YES_ERROR;
				GCC_WARN_UNDECLARED_SELECTOR = YES;
				GCC_WARN_UNINITIALIZED_AUTOS = YES_AGGRESSIVE;
				GCC_WARN_UNUSED_FUNCTION = YES;
				GCC_WARN_UNUSED_VARIABLE = YES;
				IPHONEOS_DEPLOYMENT_TARGET = 14.5;
				MTL_ENABLE_DEBUG_INFO = INCLUDE_SOURCE;
				MTL_FAST_MATH = YES;
				ONLY_ACTIVE_ARCH = YES;
				SDKROOT = iphoneos;
				SWIFT_ACTIVE_COMPILATION_CONDITIONS = DEBUG;
				SWIFT_OPTIMIZATION_LEVEL = "-Onone";
			};
			name = Debug;
		};
		C08413AE268CFA4D00128EAE /* Release */ = {
			isa = XCBuildConfiguration;
			buildSettings = {
				ALWAYS_SEARCH_USER_PATHS = NO;
				CLANG_ANALYZER_NONNULL = YES;
				CLANG_ANALYZER_NUMBER_OBJECT_CONVERSION = YES_AGGRESSIVE;
				CLANG_CXX_LANGUAGE_STANDARD = "gnu++14";
				CLANG_CXX_LIBRARY = "libc++";
				CLANG_ENABLE_MODULES = YES;
				CLANG_ENABLE_OBJC_ARC = YES;
				CLANG_ENABLE_OBJC_WEAK = YES;
				CLANG_WARN_BLOCK_CAPTURE_AUTORELEASING = YES;
				CLANG_WARN_BOOL_CONVERSION = YES;
				CLANG_WARN_COMMA = YES;
				CLANG_WARN_CONSTANT_CONVERSION = YES;
				CLANG_WARN_DEPRECATED_OBJC_IMPLEMENTATIONS = YES;
				CLANG_WARN_DIRECT_OBJC_ISA_USAGE = YES_ERROR;
				CLANG_WARN_DOCUMENTATION_COMMENTS = YES;
				CLANG_WARN_EMPTY_BODY = YES;
				CLANG_WARN_ENUM_CONVERSION = YES;
				CLANG_WARN_INFINITE_RECURSION = YES;
				CLANG_WARN_INT_CONVERSION = YES;
				CLANG_WARN_NON_LITERAL_NULL_CONVERSION = YES;
				CLANG_WARN_OBJC_IMPLICIT_RETAIN_SELF = YES;
				CLANG_WARN_OBJC_LITERAL_CONVERSION = YES;
				CLANG_WARN_OBJC_ROOT_CLASS = YES_ERROR;
				CLANG_WARN_QUOTED_INCLUDE_IN_FRAMEWORK_HEADER = YES;
				CLANG_WARN_RANGE_LOOP_ANALYSIS = YES;
				CLANG_WARN_STRICT_PROTOTYPES = YES;
				CLANG_WARN_SUSPICIOUS_MOVE = YES;
				CLANG_WARN_UNGUARDED_AVAILABILITY = YES_AGGRESSIVE;
				CLANG_WARN_UNREACHABLE_CODE = YES;
				CLANG_WARN__DUPLICATE_METHOD_MATCH = YES;
				COPY_PHASE_STRIP = NO;
				DEBUG_INFORMATION_FORMAT = "dwarf-with-dsym";
				ENABLE_NS_ASSERTIONS = NO;
				ENABLE_STRICT_OBJC_MSGSEND = YES;
				GCC_C_LANGUAGE_STANDARD = gnu11;
				GCC_NO_COMMON_BLOCKS = YES;
				GCC_WARN_64_TO_32_BIT_CONVERSION = YES;
				GCC_WARN_ABOUT_RETURN_TYPE = YES_ERROR;
				GCC_WARN_UNDECLARED_SELECTOR = YES;
				GCC_WARN_UNINITIALIZED_AUTOS = YES_AGGRESSIVE;
				GCC_WARN_UNUSED_FUNCTION = YES;
				GCC_WARN_UNUSED_VARIABLE = YES;
				IPHONEOS_DEPLOYMENT_TARGET = 14.5;
				MTL_ENABLE_DEBUG_INFO = NO;
				MTL_FAST_MATH = YES;
				SDKROOT = iphoneos;
				SWIFT_COMPILATION_MODE = wholemodule;
				SWIFT_OPTIMIZATION_LEVEL = "-O";
				VALIDATE_PRODUCT = YES;
			};
			name = Release;
		};
		C08413B0268CFA4D00128EAE /* Debug */ = {
			isa = XCBuildConfiguration;
			buildSettings = {
				ASSETCATALOG_COMPILER_APPICON_NAME = AppIcon;
				ASSETCATALOG_COMPILER_GLOBAL_ACCENT_COLOR_NAME = AccentColor;
				CODE_SIGN_STYLE = Automatic;
				DEVELOPMENT_TEAM = WRC4QXXN5V;
				INFOPLIST_FILE = ArtistInfo/Info.plist;
				LD_RUNPATH_SEARCH_PATHS = (
					"$(inherited)",
					"@executable_path/Frameworks",
				);
				PRODUCT_BUNDLE_IDENTIFIER = Marie.Kallop.ArtistInfo;
				PRODUCT_NAME = "$(TARGET_NAME)";
				SWIFT_VERSION = 5.0;
				TARGETED_DEVICE_FAMILY = "1,2";
			};
			name = Debug;
		};
		C08413B1268CFA4D00128EAE /* Release */ = {
			isa = XCBuildConfiguration;
			buildSettings = {
				ASSETCATALOG_COMPILER_APPICON_NAME = AppIcon;
				ASSETCATALOG_COMPILER_GLOBAL_ACCENT_COLOR_NAME = AccentColor;
				CODE_SIGN_STYLE = Automatic;
				DEVELOPMENT_TEAM = WRC4QXXN5V;
				INFOPLIST_FILE = ArtistInfo/Info.plist;
				LD_RUNPATH_SEARCH_PATHS = (
					"$(inherited)",
					"@executable_path/Frameworks",
				);
				PRODUCT_BUNDLE_IDENTIFIER = Marie.Kallop.ArtistInfo;
				PRODUCT_NAME = "$(TARGET_NAME)";
				SWIFT_VERSION = 5.0;
				TARGETED_DEVICE_FAMILY = "1,2";
			};
			name = Release;
		};
		C09903BB268E233C003C740C /* Debug */ = {
			isa = XCBuildConfiguration;
			buildSettings = {
				BUNDLE_LOADER = "$(TEST_HOST)";
				CODE_SIGN_STYLE = Automatic;
				DEVELOPMENT_TEAM = WRC4QXXN5V;
				INFOPLIST_FILE = ArtistInfoTests/Info.plist;
				LD_RUNPATH_SEARCH_PATHS = (
					"$(inherited)",
					"@executable_path/Frameworks",
					"@loader_path/Frameworks",
				);
				PRODUCT_BUNDLE_IDENTIFIER = Marie.Kallop.ArtistInfoTests;
				PRODUCT_NAME = "$(TARGET_NAME)";
				SWIFT_VERSION = 5.0;
				TARGETED_DEVICE_FAMILY = "1,2";
				TEST_HOST = "$(BUILT_PRODUCTS_DIR)/ArtistInfo.app/ArtistInfo";
			};
			name = Debug;
		};
		C09903BC268E233C003C740C /* Release */ = {
			isa = XCBuildConfiguration;
			buildSettings = {
				BUNDLE_LOADER = "$(TEST_HOST)";
				CODE_SIGN_STYLE = Automatic;
				DEVELOPMENT_TEAM = WRC4QXXN5V;
				INFOPLIST_FILE = ArtistInfoTests/Info.plist;
				LD_RUNPATH_SEARCH_PATHS = (
					"$(inherited)",
					"@executable_path/Frameworks",
					"@loader_path/Frameworks",
				);
				PRODUCT_BUNDLE_IDENTIFIER = Marie.Kallop.ArtistInfoTests;
				PRODUCT_NAME = "$(TARGET_NAME)";
				SWIFT_VERSION = 5.0;
				TARGETED_DEVICE_FAMILY = "1,2";
				TEST_HOST = "$(BUILT_PRODUCTS_DIR)/ArtistInfo.app/ArtistInfo";
			};
			name = Release;
		};
/* End XCBuildConfiguration section */

/* Begin XCConfigurationList section */
		C0841396268CFA4B00128EAE /* Build configuration list for PBXProject "ArtistInfo" */ = {
			isa = XCConfigurationList;
			buildConfigurations = (
				C08413AD268CFA4D00128EAE /* Debug */,
				C08413AE268CFA4D00128EAE /* Release */,
			);
			defaultConfigurationIsVisible = 0;
			defaultConfigurationName = Release;
		};
		C08413AF268CFA4D00128EAE /* Build configuration list for PBXNativeTarget "ArtistInfo" */ = {
			isa = XCConfigurationList;
			buildConfigurations = (
				C08413B0268CFA4D00128EAE /* Debug */,
				C08413B1268CFA4D00128EAE /* Release */,
			);
			defaultConfigurationIsVisible = 0;
			defaultConfigurationName = Release;
		};
		C09903BA268E233C003C740C /* Build configuration list for PBXNativeTarget "ArtistInfoTests" */ = {
			isa = XCConfigurationList;
			buildConfigurations = (
				C09903BB268E233C003C740C /* Debug */,
				C09903BC268E233C003C740C /* Release */,
			);
			defaultConfigurationIsVisible = 0;
			defaultConfigurationName = Release;
		};
/* End XCConfigurationList section */
	};
	rootObject = C0841393268CFA4B00128EAE /* Project object */;
}
